#MicroXplorer Configuration settings - do not modify
FATFS.IPParameters=_MAX_SS,_CODE_PAGE,_USE_LFN,_FS_RPATH
FATFS._CODE_PAGE=437
FATFS._FS_RPATH=2
FATFS._MAX_SS=512
FATFS._USE_LFN=1
File.Version=6
I2C1.I2C_Mode=I2C_Fast
I2C1.IPParameters=I2C_Mode
KeepUserPlacement=false
Mcu.Family=STM32F4
Mcu.IP0=FATFS
Mcu.IP1=I2C1
Mcu.IP10=USB_OTG_FS
Mcu.IP2=NVIC
Mcu.IP3=RCC
Mcu.IP4=RTC
Mcu.IP5=SDIO
Mcu.IP6=SPI1
Mcu.IP7=SPI2
Mcu.IP8=SYS
Mcu.IP9=USB_DEVICE
Mcu.IPNb=11
Mcu.Name=STM32F411R(C-E)Tx
Mcu.Package=LQFP64
Mcu.Pin0=PC14-OSC32_IN
Mcu.Pin1=PC15-OSC32_OUT
Mcu.Pin10=PA2
Mcu.Pin11=PA3
Mcu.Pin12=PA4
Mcu.Pin13=PA5
Mcu.Pin14=PA6
Mcu.Pin15=PA7
Mcu.Pin16=PC4
Mcu.Pin17=PB0
Mcu.Pin18=PB1
Mcu.Pin19=PB10
Mcu.Pin2=PH0 - OSC_IN
Mcu.Pin20=PB12
Mcu.Pin21=PB13
Mcu.Pin22=PB14
Mcu.Pin23=PB15
Mcu.Pin24=PC6
Mcu.Pin25=PC7
Mcu.Pin26=PC8
Mcu.Pin27=PA8
Mcu.Pin28=PA11
Mcu.Pin29=PA12
Mcu.Pin3=PH1 - OSC_OUT
Mcu.Pin30=PA13
Mcu.Pin31=PA14
Mcu.Pin32=PA15
Mcu.Pin33=PC10
Mcu.Pin34=PD2
Mcu.Pin35=PB3
Mcu.Pin36=PB4
Mcu.Pin37=PB5
Mcu.Pin38=PB6
Mcu.Pin39=PB7
Mcu.Pin4=PC0
Mcu.Pin40=PB8
Mcu.Pin41=PB9
Mcu.Pin42=VP_FATFS_VS_SDIO
Mcu.Pin43=VP_RTC_VS_RTC_Activate
Mcu.Pin44=VP_RTC_VS_RTC_Calendar
Mcu.Pin45=VP_SYS_VS_Systick
Mcu.Pin46=VP_USB_DEVICE_VS_USB_DEVICE_CDC_FS
Mcu.Pin5=PC1
Mcu.Pin6=PC2
Mcu.Pin7=PC3
Mcu.Pin8=PA0-WKUP
Mcu.Pin9=PA1
Mcu.PinsNb=47
Mcu.ThirdPartyNb=0
Mcu.UserConstants=
Mcu.UserName=STM32F411RETx
MxCube.Version=5.4.0
MxDb.Version=DB.5.0.40
NVIC.BusFault_IRQn=true\:0\:0\:false\:false\:true\:false\:false
NVIC.DebugMonitor_IRQn=true\:0\:0\:false\:false\:true\:false\:false
NVIC.EXTI15_10_IRQn=true\:0\:0\:false\:false\:true\:true\:true
NVIC.EXTI4_IRQn=true\:0\:0\:false\:false\:true\:true\:true
NVIC.EXTI9_5_IRQn=true\:0\:0\:false\:false\:true\:true\:true
NVIC.ForceEnableDMAVector=true
NVIC.HardFault_IRQn=true\:0\:0\:false\:false\:true\:false\:false
NVIC.MemoryManagement_IRQn=true\:0\:0\:false\:false\:true\:false\:false
NVIC.NonMaskableInt_IRQn=true\:0\:0\:false\:false\:true\:false\:false
NVIC.OTG_FS_IRQn=true\:0\:0\:true\:false\:true\:false\:true
NVIC.PendSV_IRQn=true\:0\:0\:false\:false\:true\:false\:false
NVIC.PriorityGroup=NVIC_PRIORITYGROUP_4
NVIC.SDIO_IRQn=true\:0\:0\:true\:false\:true\:true\:true
NVIC.SPI1_IRQn=true\:0\:0\:false\:false\:true\:true\:true
NVIC.SVCall_IRQn=true\:0\:0\:false\:false\:true\:false\:false
NVIC.SysTick_IRQn=true\:0\:0\:false\:false\:true\:false\:true
NVIC.UsageFault_IRQn=true\:0\:0\:false\:false\:true\:false\:false
PA0-WKUP.GPIOParameters=GPIO_Label
PA0-WKUP.GPIO_Label=EPD_DISCHARGE
PA0-WKUP.Locked=true
PA0-WKUP.Signal=GPIO_Output
PA1.GPIOParameters=GPIO_Label
PA1.GPIO_Label=EPD_NRST
PA1.Locked=true
PA1.Signal=GPIO_Output
PA11.Mode=Device_Only
PA11.Signal=USB_OTG_FS_DM
PA12.Mode=Device_Only
PA12.Signal=USB_OTG_FS_DP
PA13.Locked=true
PA13.Signal=SYS_JTMS-SWDIO
PA14.Locked=true
PA14.Signal=SYS_JTCK-SWCLK
PA15.Locked=true
PA15.Signal=SYS_JTDI
PA2.GPIOParameters=GPIO_Label
PA2.GPIO_Label=EPD_BUSY
PA2.Locked=true
PA2.Signal=GPIO_Input
PA3.GPIOParameters=GPIO_Label
PA3.GPIO_Label=RFID_POWER
PA3.Locked=true
PA3.Signal=GPIO_Output
PA4.GPIOParameters=GPIO_Label
PA4.GPIO_Label=RF_SPI_BSS
PA4.Locked=true
PA4.Signal=GPIO_Output
PA5.GPIOParameters=GPIO_Label
PA5.GPIO_Label=RF_SPI_SCLK
PA5.Mode=Full_Duplex_Master
PA5.Signal=SPI1_SCK
PA6.GPIOParameters=GPIO_Label
PA6.GPIO_Label=RF_SPI_MISO
PA6.Mode=Full_Duplex_Master
PA6.Signal=SPI1_MISO
PA7.GPIOParameters=GPIO_Label
PA7.GPIO_Label=RF_SPI_MOSI
PA7.Mode=Full_Duplex_Master
PA7.Signal=SPI1_MOSI
PA8.GPIOParameters=GPIO_Label
PA8.GPIO_Label=USB_RENUM
PA8.Locked=true
PA8.Signal=GPIO_Output
PB0.GPIOParameters=GPIO_Label
PB0.GPIO_Label=LED1
PB0.Locked=true
PB0.Signal=GPIO_Output
PB1.GPIOParameters=GPIO_Label
PB1.GPIO_Label=LED2
PB1.Locked=true
PB1.Signal=GPIO_Output
PB10.Mode=Full_Duplex_Master
PB10.Signal=SPI2_SCK
PB12.GPIOParameters=GPIO_PuPd,GPIO_Label,GPIO_ModeDefaultEXTI
PB12.GPIO_Label=B_INPUT1
PB12.GPIO_ModeDefaultEXTI=GPIO_MODE_IT_RISING_FALLING
PB12.GPIO_PuPd=GPIO_PULLDOWN
PB12.Locked=true
PB12.Signal=GPXTI12
PB13.GPIOParameters=GPIO_PuPd,GPIO_Label,GPIO_ModeDefaultEXTI
PB13.GPIO_Label=B_INPUT2
PB13.GPIO_ModeDefaultEXTI=GPIO_MODE_IT_RISING_FALLING
PB13.GPIO_PuPd=GPIO_PULLDOWN
PB13.Locked=true
PB13.Signal=GPXTI13
PB14.GPIOParameters=GPIO_PuPd,GPIO_Label,GPIO_ModeDefaultEXTI
PB14.GPIO_Label=B_INPUT3
PB14.GPIO_ModeDefaultEXTI=GPIO_MODE_IT_RISING_FALLING
PB14.GPIO_PuPd=GPIO_PULLDOWN
PB14.Locked=true
PB14.Signal=GPXTI14
PB15.Mode=SD_1_bit
PB15.Signal=SDIO_CK
PB3.Locked=true
PB3.Signal=SYS_JTDO-SWO
PB4.GPIOParameters=GPIO_Label
PB4.GPIO_Label=TC_SIGNAL
PB4.Locked=true
PB4.Signal=GPIO_Input
PB5.GPIOParameters=GPIO_Label
PB5.GPIO_Label=AUX_POWER
PB5.Locked=true
PB5.Signal=GPIO_Output
PB6.GPIOParameters=GPIO_PuPdOD,GPIO_Label
PB6.GPIO_Label=AUX_I2C_SCL
PB6.GPIO_PuPdOD=GPIO_PULLUP
PB6.Mode=I2C
PB6.Signal=I2C1_SCL
PB7.GPIOParameters=GPIO_PuPdOD,GPIO_Label
PB7.GPIO_Label=AUX_I2C_SDA
PB7.GPIO_PuPdOD=GPIO_PULLUP
PB7.Mode=I2C
PB7.Signal=I2C1_SDA
PB8.GPIOParameters=GPIO_Label
PB8.GPIO_Label=TEMP_IRQ
PB8.Locked=true
PB8.Signal=GPXTI8
PB9.GPIOParameters=GPIO_Label
PB9.GPIO_Label=LOW_BAT_IRQ
PB9.Locked=true
PB9.Signal=GPXTI9
PC0.GPIOParameters=GPIO_Label
PC0.GPIO_Label=EPD_POWER
PC0.Locked=true
PC0.Signal=GPIO_Output
PC1.GPIOParameters=GPIO_Label
PC1.GPIO_Label=EPD_SPI_CS
PC1.Locked=true
PC1.Signal=GPIO_Output
PC10.Locked=true
PC10.Signal=SDIO_D2
PC14-OSC32_IN.Mode=LSE-External-Oscillator
PC14-OSC32_IN.Signal=RCC_OSC32_IN
PC15-OSC32_OUT.Mode=LSE-External-Oscillator
PC15-OSC32_OUT.Signal=RCC_OSC32_OUT
PC2.GPIOParameters=GPIO_Label
PC2.GPIO_Label=EPD_SPI_MISO
PC2.Mode=Full_Duplex_Master
PC2.Signal=SPI2_MISO
PC3.GPIOParameters=GPIO_Label
PC3.GPIO_Label=EPD_SPI_MOSI
PC3.Mode=Full_Duplex_Master
PC3.Signal=SPI2_MOSI
PC4.GPIOParameters=GPIO_Label
PC4.GPIO_Label=RF_IRQ
PC4.Locked=true
PC4.Signal=GPXTI4
PC6.GPIOParameters=GPIO_Label
PC6.GPIO_Label=SDIO_POWER
PC6.Locked=true
PC6.Signal=GPIO_Output
PC7.GPIOParameters=GPIO_PuPd,GPIO_Label,GPIO_ModeDefaultEXTI
PC7.GPIO_Label=SD_DETECT
PC7.GPIO_ModeDefaultEXTI=GPIO_MODE_IT_RISING_FALLING
PC7.GPIO_PuPd=GPIO_PULLUP
PC7.Locked=true
PC7.Signal=GPXTI7
PC8.Mode=SD_1_bit
PC8.Signal=SDIO_D0
PCC.Checker=false
PCC.Line=STM32F411
PCC.MCU=STM32F411R(C-E)Tx
PCC.PartNumber=STM32F411RETx
PCC.Seq0=0
PCC.Series=STM32F4
PCC.Temperature=25
PCC.Vdd=null
PD2.Mode=SD_1_bit
PD2.Signal=SDIO_CMD
PH0\ -\ OSC_IN.Mode=HSE-External-Oscillator
PH0\ -\ OSC_IN.Signal=RCC_OSC_IN
PH1\ -\ OSC_OUT.Mode=HSE-External-Oscillator
PH1\ -\ OSC_OUT.Signal=RCC_OSC_OUT
PinOutPanel.RotationAngle=0
ProjectManager.AskForMigrate=true
ProjectManager.BackupPrevious=false
ProjectManager.CompilerOptimize=6
ProjectManager.ComputerToolchain=false
ProjectManager.CoupleFile=false
ProjectManager.CustomerFirmwarePackage=
ProjectManager.DefaultFWLocation=true
ProjectManager.DeletePrevious=true
ProjectManager.DeviceId=STM32F411RETx
ProjectManager.FirmwarePackage=STM32Cube FW_F4 V1.24.2
ProjectManager.FreePins=false
ProjectManager.HalAssertFull=false
ProjectManager.HeapSize=0x400
ProjectManager.KeepUserCode=true
ProjectManager.LastFirmware=true
ProjectManager.LibraryCopy=1
ProjectManager.MainLocation=Core/Src
ProjectManager.NoMain=false
ProjectManager.PreviousToolchain=
ProjectManager.ProjectBuild=false
ProjectManager.ProjectFileName=Matte Box Rev 1.ioc
ProjectManager.ProjectName=Matte Box Rev 1
ProjectManager.StackSize=0x800
ProjectManager.TargetToolchain=STM32CubeIDE
ProjectManager.ToolChainLocation=
ProjectManager.UnderRoot=true
ProjectManager.functionlistsort=1-SystemClock_Config-RCC-false-HAL-false,1-MX_GPIO_Init-GPIO-false-HAL-true,3-MX_I2C1_Init-I2C1-false-HAL-true,4-MX_SDIO_SD_Init-SDIO-false-HAL-true,5-MX_SPI1_Init-SPI1-false-HAL-true,6-MX_SPI2_Init-SPI2-false-HAL-true,7-MX_USART1_UART_Init-USART1-false-HAL-true,8-MX_FATFS_Init-FATFS-false-HAL-false,9-MX_USB_DEVICE_Init-USB_DEVICE-false-HAL-false,10-MX_RTC_Init-RTC-false-HAL-true
RCC.48MHZClocksFreq_Value=48000000
RCC.AHBFreq_Value=72000000
RCC.APB1CLKDivider=RCC_HCLK_DIV2
RCC.APB1Freq_Value=36000000
RCC.APB1TimFreq_Value=72000000
RCC.APB2Freq_Value=72000000
RCC.APB2TimFreq_Value=72000000
RCC.CortexFreq_Value=72000000
RCC.EthernetFreq_Value=72000000
RCC.FCLKCortexFreq_Value=72000000
RCC.FamilyName=M
RCC.HCLKFreq_Value=72000000
RCC.HSE_VALUE=8000000
RCC.HSI_VALUE=16000000
RCC.I2SClocksFreq_Value=48000000
RCC.IPParameters=48MHZClocksFreq_Value,AHBFreq_Value,APB1CLKDivider,APB1Freq_Value,APB1TimFreq_Value,APB2Freq_Value,APB2TimFreq_Value,CortexFreq_Value,EthernetFreq_Value,FCLKCortexFreq_Value,FamilyName,HCLKFreq_Value,HSE_VALUE,HSI_VALUE,I2SClocksFreq_Value,LSI_VALUE,MCO2PinFreq_Value,PLLCLKFreq_Value,PLLM,PLLN,PLLQ,PLLQCLKFreq_Value,RTCFreq_Value,RTCHSEDivFreq_Value,SYSCLKFreq_VALUE,SYSCLKSource,VCOI2SOutputFreq_Value,VCOInputFreq_Value,VCOInputMFreq_Value,VCOOutputFreq_Value,VcooutputI2S
RCC.LSI_VALUE=32000
RCC.MCO2PinFreq_Value=72000000
RCC.PLLCLKFreq_Value=72000000
RCC.PLLM=4
RCC.PLLN=72
RCC.PLLQ=3
RCC.PLLQCLKFreq_Value=48000000
RCC.RTCFreq_Value=32000
RCC.RTCHSEDivFreq_Value=4000000
RCC.SYSCLKFreq_VALUE=72000000
RCC.SYSCLKSource=RCC_SYSCLKSOURCE_PLLCLK
RCC.VCOI2SOutputFreq_Value=96000000
RCC.VCOInputFreq_Value=2000000
RCC.VCOInputMFreq_Value=500000
RCC.VCOOutputFreq_Value=144000000
RCC.VcooutputI2S=48000000
SDIO.ClockDiv=2
SDIO.IPParameters=ClockDiv
SH.GPXTI12.0=GPIO_EXTI12
SH.GPXTI12.ConfNb=1
SH.GPXTI13.0=GPIO_EXTI13
SH.GPXTI13.ConfNb=1
SH.GPXTI14.0=GPIO_EXTI14
SH.GPXTI14.ConfNb=1
SH.GPXTI4.0=GPIO_EXTI4
SH.GPXTI4.ConfNb=1
SH.GPXTI7.0=GPIO_EXTI7
SH.GPXTI7.ConfNb=1
SH.GPXTI8.0=GPIO_EXTI8
SH.GPXTI8.ConfNb=1
SH.GPXTI9.0=GPIO_EXTI9
SH.GPXTI9.ConfNb=1
SPI1.BaudRatePrescaler=SPI_BAUDRATEPRESCALER_8
SPI1.CLKPhase=SPI_PHASE_2EDGE
SPI1.CalculateBaudRate=9.0 MBits/s
SPI1.Direction=SPI_DIRECTION_2LINES
SPI1.IPParameters=VirtualType,Mode,Direction,CalculateBaudRate,BaudRatePrescaler,CLKPhase
SPI1.Mode=SPI_MODE_MASTER
SPI1.VirtualType=VM_MASTER
SPI2.BaudRatePrescaler=SPI_BAUDRATEPRESCALER_4
SPI2.CalculateBaudRate=9.0 MBits/s
SPI2.Direction=SPI_DIRECTION_2LINES
SPI2.IPParameters=VirtualType,Mode,Direction,CalculateBaudRate,BaudRatePrescaler
SPI2.Mode=SPI_MODE_MASTER
SPI2.VirtualType=VM_MASTER
USB_DEVICE.CLASS_NAME_FS=CDC
USB_DEVICE.IPParameters=VirtualMode,VirtualModeFS,CLASS_NAME_FS,USBD_SELF_POWERED
USB_DEVICE.USBD_SELF_POWERED=1
USB_DEVICE.VirtualMode=Cdc
USB_DEVICE.VirtualModeFS=Cdc_FS
USB_OTG_FS.IPParameters=VirtualMode
USB_OTG_FS.VirtualMode=Device_Only
VP_FATFS_VS_SDIO.Mode=SDIO
VP_FATFS_VS_SDIO.Signal=FATFS_VS_SDIO
VP_RTC_VS_RTC_Activate.Mode=RTC_Enabled
VP_RTC_VS_RTC_Activate.Signal=RTC_VS_RTC_Activate
VP_RTC_VS_RTC_Calendar.Mode=RTC_Calendar
VP_RTC_VS_RTC_Calendar.Signal=RTC_VS_RTC_Calendar
VP_SYS_VS_Systick.Mode=SysTick
VP_SYS_VS_Systick.Signal=SYS_VS_Systick
VP_USB_DEVICE_VS_USB_DEVICE_CDC_FS.Mode=CDC_FS
VP_USB_DEVICE_VS_USB_DEVICE_CDC_FS.Signal=USB_DEVICE_VS_USB_DEVICE_CDC_FS
board=custom
isbadioc=false
